{
    "_meta": {
        "hash": {
            "sha256": "c7157cf8839d62f0bfe83f42e31e5ba8e4b311b2b43466b8a9dbed5ffb342596"
        },
        "pipfile-spec": 6,
        "requires": {
            "python_version": "3.6"
        },
        "sources": [
            {
                "name": "pypi",
                "url": "https://pypi.org/simple",
                "verify_ssl": true
            }
        ]
    },
    "default": {
        "django": {
            "hashes": [
                "sha256:066bad42cb4c66944e7efcf7304d3d17f7b0eb222e53958cdd866420d2e8b412",
                "sha256:6a03ce2feafdd193a0ba8a26dbd9773e757d2e5d5e7933a62eac129813bd381a"
            ],
            "index": "pypi",
            "version": "==1.8"
        },
        "django-crispy-forms": {
            "hashes": [
                "sha256:18e904c7bd55c45201739cb343272767ff820263a1fca40a7b388006ce94910c",
                "sha256:c894f3a44e111ae6c6226c67741d96d120adb942de41dc8b2a991b87de7ff9c0"
            ],
            "index": "pypi",
            "version": "==1.6.1"
        },
        "django-registration-redux": {
            "hashes": [
                "sha256:0331866ce82d7194a30925a20e6eac8d8be5b4ed1ea28c86359baff83ac6743d"
            ],
            "index": "pypi",
            "version": "==1.4"
        }
    },
    "develop": {}
}
